Microsoft Visual Studio Solution File, Format Version 12.00
# Visual Studio Version 17
Project("{FAE04EC0-301F-11D3-BF4B-00C04F79EFBC}") = "TheHaunt", "TheHaunt.csproj", "{8B4A6E20-1F3C-4D5E-9A7B-2C8D0E4F6A1B}"
EndProject
Global
	GlobalSection(SolutionConfigurationPlatforms) = preSolution
		Debug|Any CPU = Debug|Any CPU
		ExportDebug|Any CPU = ExportDebug|Any CPU
		ExportRelease|Any CPU = ExportRelease|Any CPU
	EndGlobalSection
	GlobalSection(ProjectConfigurationPlatforms) = postSolution
		{8B4A6E20-1F3C-4D5E-9A7B-2C8D0E4F6A1B}.Debug|Any CPU.ActiveCfg = Debug|Any CPU
		{8B4A6E20-1F3C-4D5E-9A7B-2C8D0E4F6A1B}.Debug|Any CPU.Build.0 = Debug|Any CPU
		{8B4A6E20-1F3C-4D5E-9A7B-2C8D0E4F6A1B}.ExportDebug|Any CPU.ActiveCfg = ExportDebug|Any CPU
		{8B4A6E20-1F3C-4D5E-9A7B-2C8D0E4F6A1B}.ExportDebug|Any CPU.Build.0 = ExportDebug|Any CPU
		{8B4A6E20-1F3C-4D5E-9A7B-2C8D0E4F6A1B}.ExportRelease|Any CPU.ActiveCfg = ExportRelease|Any CPU
		{8B4A6E20-1F3C-4D5E-9A7B-2C8D0E4F6A1B}.ExportRelease|Any CPU.Build.0 = ExportRelease|Any CPU
	EndGlobalSection
EndGlobal
